
Microsoft Visual Studio Solution File, Format Version 12.00
# Visual Studio Version 17
VisualStudioVersion = 17.6.33712.159
MinimumVisualStudioVersion = 10.0.40219.1
Project("{FAE04EC0-301F-11D3-BF4B-00C04F79EFBC}") = "HardDisk_identification", "HardDisk_identification\HardDisk_identification.csproj", "{92DE8DFD-DC78-401D-8D9C-46FB0FD62AB0}"
EndProject
Global
	GlobalSection(SolutionConfigurationPlatforms) = preSolution
		Debug|Any CPU = Debug|Any CPU
		Release|Any CPU = Release|Any CPU
	EndGlobalSection
	GlobalSection(ProjectConfigurationPlatforms) = postSolution
		{92DE8DFD-DC78-401D-8D9C-46FB0FD62AB0}.Debug|Any CPU.ActiveCfg = Debug|Any CPU
		{92DE8DFD-DC78-401D-8D9C-46FB0FD62AB0}.Debug|Any CPU.Build.0 = Debug|Any CPU
		{92DE8DFD-DC78-401D-8D9C-46FB0FD62AB0}.Release|Any CPU.ActiveCfg = Release|Any CPU
		{92DE8DFD-DC78-401D-8D9C-46FB0FD62AB0}.Release|Any CPU.Build.0 = Release|Any CPU
	EndGlobalSection
	GlobalSection(SolutionProperties) = preSolution
		HideSolutionNode = FALSE
	EndGlobalSection
	GlobalSection(ExtensibilityGlobals) = postSolution
		SolutionGuid = {0B200E5C-40A5-48B1-BC97-91EC2D1A48F5}
	EndGlobalSection
EndGlobal
